# This file is automatically @generated by Cargo.
# It is not intended for manual editing.
version = 4

[[package]]
name = "mo-broker"
version = "0.1.0"
dependencies = [
 "mo-domain",
 "mo-engine",
 "mo-ipc",
 "mo-rime",
 "mo-windows-pipe",
 "mo-windows-platform",
]

[[package]]
name = "mo-domain"
version = "0.1.0"

[[package]]
name = "mo-engine"
version = "0.1.0"
dependencies = [
 "mo-domain",
]

[[package]]
name = "mo-ipc"
version = "0.1.0"

[[package]]
name = "mo-rime"
version = "0.1.0"
dependencies = [
 "mo-domain",
 "mo-engine",
 "mo-rime-sys",
 "windows-sys",
]

[[package]]
name = "mo-rime-sys"
version = "0.1.0"

[[package]]
name = "mo-windows-pipe"
version = "0.1.0"
dependencies = [
 "mo-ipc",
 "windows-sys",
]

[[package]]
name = "mo-windows-platform"
version = "0.1.0"
dependencies = [
 "windows-sys",
]

[[package]]
name = "windows-link"
version = "0.2.1"
source = "registry+https://github.com/rust-lang/crates.io-index"
checksum = "f0805222e57f7521d6a62e36fa9163bc891acd422f971defe97d64e70d0a4fe5"

[[package]]
name = "windows-sys"
version = "0.61.2"
source = "registry+https://github.com/rust-lang/crates.io-index"
checksum = "ae137229bcbd6cdf0f7b80a31df61766145077ddf49416a728b02cb3921ff3fc"
dependencies = [
 "windows-link",
]
