# This file is automatically @generated by Cargo.
# It is not intended for manual editing.
version = 4

[[package]]
name = "mo-broker"
version = "0.1.0"
dependencies = [
 "mo-ipc",
]

[[package]]
name = "mo-domain"
version = "0.1.0"

[[package]]
name = "mo-engine"
version = "0.1.0"
dependencies = [
 "mo-domain",
]

[[package]]
name = "mo-ipc"
version = "0.1.0"

[[package]]
name = "mo-rime"
version = "0.1.0"
dependencies = [
 "mo-rime-sys",
]

[[package]]
name = "mo-rime-sys"
version = "0.1.0"
